
Microsoft Visual Studio Solution File, Format Version 12.00
# Visual Studio 15
VisualStudioVersion = 15.0.27130.2010
MinimumVisualStudioVersion = 10.0.40219.1
Project("{FAE04EC0-301F-11D3-BF4B-00C04F79EFBC}") = "ServerSideCarrousel", "..\ServerSideCarrousel\ServerSideCarrousel.csproj", "{82DE155D-101F-4EF4-BF1B-EB2DB6170BF9}"
EndProject
Project("{FAE04EC0-301F-11D3-BF4B-00C04F79EFBC}") = "VideoPreview", "..\VideoPreview\VideoPreview.csproj", "{F79B2221-AB50-43AF-957F-266C3405EB49}"
EndProject
Project("{FAE04EC0-301F-11D3-BF4B-00C04F79EFBC}") = "PlatformFileServer", "..\PlatformFileServer\PlatformFileServer.csproj", "{EFF850B2-DDF4-45AB-878F-1DC7F1208C93}"
EndProject
Project("{FAE04EC0-301F-11D3-BF4B-00C04F79EFBC}") = "PlatformFileView", "..\PlatformFileView\PlatformFileView.csproj", "{56A0D83E-2527-4ECD-B15F-C78D1125A2A9}"
EndProject
Project("{FAE04EC0-301F-11D3-BF4B-00C04F79EFBC}") = "SensorMonitor", "..\SensorMonitor\SensorMonitor.csproj", "{F60F197B-E37C-4917-B3F8-3B7A82764F48}"
EndProject
Project("{FAE04EC0-301F-11D3-BF4B-00C04F79EFBC}") = "AnalyticsOverlay", "..\AnalyticsOverlay\AnalyticsOverlay.csproj", "{A16E846E-F668-48ED-908F-D097BB910C99}"
EndProject
Project("{FAE04EC0-301F-11D3-BF4B-00C04F79EFBC}") = "VideoReplay", "..\VideoReplay\VideoReplay.csproj", "{206AE4BA-6028-44C4-AC30-13C25A94D675}"
EndProject
Project("{FAE04EC0-301F-11D3-BF4B-00C04F79EFBC}") = "DynamicView", "..\DynamicView\DynamicView.csproj", "{64B2FCB4-CEA0-4081-BCCB-1A170532CB23}"
EndProject
Project("{FAE04EC0-301F-11D3-BF4B-00C04F79EFBC}") = "SCInsertCamera", "..\SCInsertCamera\SCInsertCamera.csproj", "{128D732E-7793-44B7-B1D5-653B20B4D46F}"
EndProject
Project("{FAE04EC0-301F-11D3-BF4B-00C04F79EFBC}") = "ServerConnectionLicense", "..\ServerConnectionLicense\ServerConnectionLicense.csproj", "{5D513BC3-00A7-453A-BA2B-A047DD78B7AA}"
EndProject
Project("{FAE04EC0-301F-11D3-BF4B-00C04F79EFBC}") = "SiteLicense", "..\SiteLicense\SiteLicense.csproj", "{F9CDC241-3E51-4F1C-B0A6-B1A1B081DA4D}"
EndProject
Project("{FAE04EC0-301F-11D3-BF4B-00C04F79EFBC}") = "SCExport", "..\SCExport\SCExport.csproj", "{1538D15D-4405-43DB-8EEA-6A5E9149426A}"
EndProject
Project("{FAE04EC0-301F-11D3-BF4B-00C04F79EFBC}") = "RGBVideoEnhancement", "..\RGBVideoEnhancement\RGBVideoEnhancement.csproj", "{1027C65C-4741-4728-9978-49EB05215EE3}"
EndProject
Project("{FAE04EC0-301F-11D3-BF4B-00C04F79EFBC}") = "SCWorkSpace", "..\SCWorkSpace\SCWorkSpace.csproj", "{51B69059-55FC-4D0A-85FB-9FC84E3A3F50}"
EndProject
Project("{FAE04EC0-301F-11D3-BF4B-00C04F79EFBC}") = "SCTheme", "..\SCTheme\SCTheme.csproj", "{D5838717-44BA-4A92-A14A-387E57580450}"
EndProject
Project("{FAE04EC0-301F-11D3-BF4B-00C04F79EFBC}") = "SCIndependentPlayback", "..\SCIndependentPlayback\SCIndependentPlayback.csproj", "{B0DF5DA5-F151-4AF1-8EA7-AC3F586111E1}"
EndProject
Project("{FAE04EC0-301F-11D3-BF4B-00C04F79EFBC}") = "SCHotSpot", "..\SCHotSpot\SCHotSpot.csproj", "{3FCEC70E-1E14-4FEC-BB25-8C9E3259AF7A}"
EndProject
Project("{FAE04EC0-301F-11D3-BF4B-00C04F79EFBC}") = "SCToolbarPlugin", "..\SCToolbarPlugin\SCToolbarPlugin.csproj", "{83DD48CA-7C7C-46BF-B287-434A9DEF0EF0}"
EndProject
Project("{FAE04EC0-301F-11D3-BF4B-00C04F79EFBC}") = "Chat", "..\Chat\Chat.csproj", "{74495BC4-E096-4B38-BAD9-D503E793959E}"
EndProject
Project("{FAE04EC0-301F-11D3-BF4B-00C04F79EFBC}") = "SCOverlayGraphOnEvent", "..\SCOverlayGraphOnEvent\SCOverlayGraphOnEvent.csproj", "{DFF36E30-FA56-4116-83FF-4C34FC4373AD}"
EndProject
Project("{FAE04EC0-301F-11D3-BF4B-00C04F79EFBC}") = "LocationView", "..\LocationView\LocationView.csproj", "{A923F704-29CC-44D2-B167-29CC5529616A}"
EndProject
Project("{FAE04EC0-301F-11D3-BF4B-00C04F79EFBC}") = "TransactConnector", "..\TransactConnector\TransactConnector.csproj", "{D5452267-32CB-4F7D-B096-9279F2A5126A}"
EndProject
Project("{FAE04EC0-301F-11D3-BF4B-00C04F79EFBC}") = "BatAction", "..\BatAction\BatAction.csproj", "{B44310B7-A898-4EC7-8F58-A598B49164A8}"
EndProject
Project("{FAE04EC0-301F-11D3-BF4B-00C04F79EFBC}") = "Property", "..\Property\Property.csproj", "{12B518B6-26B5-480A-8A69-F1D9A83BDD70}"
EndProject
Project("{FAE04EC0-301F-11D3-BF4B-00C04F79EFBC}") = "DataExport", "..\DataExport\DataExport.csproj", "{BA4193F7-5C60-4184-8C98-7B084EE26B54}"
EndProject
Project("{FAE04EC0-301F-11D3-BF4B-00C04F79EFBC}") = "AddUserWithConfigApi", "..\AddUserWithConfigApi\AddUserWithConfigApi.csproj", "{5D6C8BD6-B11B-48A3-98CF-2FF86FF51A7D}"
EndProject
Project("{FAE04EC0-301F-11D3-BF4B-00C04F79EFBC}") = "DemoAccessControlPlugin", "..\DemoAccessControlPlugin\DemoAccessControlPlugin.csproj", "{973931B3-69CB-4264-BAB6-2893D425360F}"
EndProject
Project("{FAE04EC0-301F-11D3-BF4B-00C04F79EFBC}") = "TimelineViewItem", "..\TimelineViewItem\TimelineViewItem.csproj", "{F7F7F0A9-9739-4ABC-AE30-5DF539F76EF6}"
EndProject
Project("{FAE04EC0-301F-11D3-BF4B-00C04F79EFBC}") = "SCSettingsPanel", "..\SCSettingsPanel\SCSettingsPanel.csproj", "{2B146B32-0998-4CE6-ADA5-F3E154A29030}"
EndProject
Project("{FAE04EC0-301F-11D3-BF4B-00C04F79EFBC}") = "RGBVideoEnhancementx86", "..\RGBVideoEnhancementx86\RGBVideoEnhancementx86.csproj", "{1027C65C-4741-4728-9978-49EB05215ABC}"
EndProject
Project("{FAE04EC0-301F-11D3-BF4B-00C04F79EFBC}") = "AlarmPreview", "..\AlarmPreview\AlarmPreview.csproj", "{10A5886B-9CB1-41E6-B4CF-B629977081DD}"
EndProject
Project("{FAE04EC0-301F-11D3-BF4B-00C04F79EFBC}") = "SCAviSequenceExport", "..\SCAviSequenceExport\SCAviSequenceExport.csproj", "{D00CEA59-2AAF-429C-A315-4C74B75C3706}"
EndProject
Project("{FAE04EC0-301F-11D3-BF4B-00C04F79EFBC}") = "AdminTabPlugin", "..\AdminTabPlugin\AdminTabPlugin.csproj", "{45E1BF0D-4E81-4EDE-889D-8CA67DF65D34}"
EndProject
Project("{FAE04EC0-301F-11D3-BF4B-00C04F79EFBC}") = "AdminTabHardwarePlugin", "..\AdminTabHardwarePlugin\AdminTabHardwarePlugin.csproj", "{C1BC2494-3981-4546-AD58-77A288C2C7C6}"
EndProject
Project("{FAE04EC0-301F-11D3-BF4B-00C04F79EFBC}") = "SmartMapController", "..\SmartMapController\SmartMapController.csproj", "{4B8E9E95-1443-4193-9332-619A9ECFB0E9}"
EndProject
Project("{FAE04EC0-301F-11D3-BF4B-00C04F79EFBC}") = "ActiveElementsOverlay", "..\ActiveElementsOverlay\ActiveElementsOverlay.csproj", "{B815600B-904E-438D-9E68-3633741F0E84}"
EndProject
Project("{FAE04EC0-301F-11D3-BF4B-00C04F79EFBC}") = "SCAudioExport", "..\SCAudioExport\SCAudioExport.csproj", "{8B46D068-9191-4403-8D2D-BA93E4C8F95D}"
EndProject
Project("{FAE04EC0-301F-11D3-BF4B-00C04F79EFBC}") = "SCSearchAgent", "..\SCSearchAgent\SCSearchAgent.csproj", "{0C51D4B0-7B67-4D0B-95E5-B1B29E73E366}"
EndProject
Project("{FAE04EC0-301F-11D3-BF4B-00C04F79EFBC}") = "DemoDriver", "..\DemoDriver\DemoDriver.csproj", "{FEC3B73E-E33D-40FA-AD99-C8FAE01B3629}"
EndProject
Project("{FAE04EC0-301F-11D3-BF4B-00C04F79EFBC}") = "SCToast", "..\SCToast\SCToast.csproj", "{76D0E21D-E86C-4BBF-8B05-7A6ED124E70E}"
EndProject
Project("{FAE04EC0-301F-11D3-BF4B-00C04F79EFBC}") = "SCSequenceViewer", "..\SCSequenceViewer\SCSequenceViewer.csproj", "{0E7700EB-F570-4654-A10D-6EBEAA5585BE}"
EndProject
Project("{FAE04EC0-301F-11D3-BF4B-00C04F79EFBC}") = "ConfigDump", "..\ConfigDump\ConfigDump.csproj", "{AB9312E1-E4FF-4405-99E7-E524E2838AE1}"
EndProject
Project("{FAE04EC0-301F-11D3-BF4B-00C04F79EFBC}") = "EventTracer", "..\EventTracer\EventTracer.csproj", "{26C10EFC-62BC-4121-9EFD-11883116048A}"
EndProject
Project("{FAE04EC0-301F-11D3-BF4B-00C04F79EFBC}") = "LicenseRegistration", "..\LicenseRegistration\LicenseRegistration.csproj", "{2728FFFB-ABCD-4324-B2F2-A743C274B26A}"
EndProject
Project("{FAE04EC0-301F-11D3-BF4B-00C04F79EFBC}") = "SCMessageAreaMessageTester", "..\SCMessageAreaMessageTester\SCMessageAreaMessageTester.csproj", "{5F322808-0C9F-4B50-8AA2-70A3575F5AAF}"
EndProject
Project("{FAE04EC0-301F-11D3-BF4B-00C04F79EFBC}") = "SCViewAndWindow", "..\SCViewAndWindow\SCViewAndWindow.csproj", "{B1E0548B-359E-4535-A6F2-F1E567C0FF75}"
EndProject
Project("{FAE04EC0-301F-11D3-BF4B-00C04F79EFBC}") = "ServiceTest", "..\ServiceTest\ServiceTest.csproj", "{03E35BB2-1355-42CF-99FA-4011201FD038}"
EndProject
Project("{8BC9CEB8-8B4A-11D0-8D11-00A0C91BC942}") = "RGBEnhancement", "..\RGBEnhancementDLL\RGBEnhancement.vcxproj", "{82AE2413-F082-4E0C-91F0-4AED972F105E}"
EndProject
Project("{8BC9CEB8-8B4A-11D0-8D11-00A0C91BC942}") = "RGBEnhancementx86", "..\RGBEnhancementDLLx86\RGBEnhancementx86.vcxproj", "{32CACE2D-0C9C-4651-8941-78CEE3871739}"
EndProject
Project("{FAE04EC0-301F-11D3-BF4B-00C04F79EFBC}") = "MessageTester", "..\MessageTester\MessageTester.csproj", "{51587271-F3C8-48E0-B37C-9C9BB82E6C09}"
EndProject
Project("{FAE04EC0-301F-11D3-BF4B-00C04F79EFBC}") = "SCImageViewerAddOnSample", "..\SCImageViewerAddOnSample\SCImageViewerAddOnSample.csproj", "{1AF24D85-A483-405D-AA9F-28E6A9B207CC}"
EndProject
Global
	GlobalSection(SolutionConfigurationPlatforms) = preSolution
		Debug|Any CPU = Debug|Any CPU
		Debug|x64 = Debug|x64
		Debug|x86 = Debug|x86
		Release|Any CPU = Release|Any CPU
		Release|x64 = Release|x64
		Release|x86 = Release|x86
	EndGlobalSection
	GlobalSection(ProjectConfigurationPlatforms) = postSolution
		{82DE155D-101F-4EF4-BF1B-EB2DB6170BF9}.Debug|Any CPU.ActiveCfg = Debug|Any CPU
		{82DE155D-101F-4EF4-BF1B-EB2DB6170BF9}.Debug|Any CPU.Build.0 = Debug|Any CPU
		{82DE155D-101F-4EF4-BF1B-EB2DB6170BF9}.Debug|x64.ActiveCfg = Debug|Any CPU
		{82DE155D-101F-4EF4-BF1B-EB2DB6170BF9}.Debug|x64.Build.0 = Debug|Any CPU
		{82DE155D-101F-4EF4-BF1B-EB2DB6170BF9}.Debug|x86.ActiveCfg = Debug|Any CPU
		{82DE155D-101F-4EF4-BF1B-EB2DB6170BF9}.Release|Any CPU.ActiveCfg = Release|Any CPU
		{82DE155D-101F-4EF4-BF1B-EB2DB6170BF9}.Release|Any CPU.Build.0 = Release|Any CPU
		{82DE155D-101F-4EF4-BF1B-EB2DB6170BF9}.Release|x64.ActiveCfg = Release|Any CPU
		{82DE155D-101F-4EF4-BF1B-EB2DB6170BF9}.Release|x64.Build.0 = Release|Any CPU
		{82DE155D-101F-4EF4-BF1B-EB2DB6170BF9}.Release|x86.ActiveCfg = Release|Any CPU
		{F79B2221-AB50-43AF-957F-266C3405EB49}.Debug|Any CPU.ActiveCfg = Debug|Any CPU
		{F79B2221-AB50-43AF-957F-266C3405EB49}.Debug|Any CPU.Build.0 = Debug|Any CPU
		{F79B2221-AB50-43AF-957F-266C3405EB49}.Debug|x64.ActiveCfg = Debug|Any CPU
		{F79B2221-AB50-43AF-957F-266C3405EB49}.Debug|x64.Build.0 = Debug|Any CPU
		{F79B2221-AB50-43AF-957F-266C3405EB49}.Debug|x86.ActiveCfg = Debug|Any CPU
		{F79B2221-AB50-43AF-957F-266C3405EB49}.Release|Any CPU.ActiveCfg = Release|Any CPU
		{F79B2221-AB50-43AF-957F-266C3405EB49}.Release|Any CPU.Build.0 = Release|Any CPU
		{F79B2221-AB50-43AF-957F-266C3405EB49}.Release|x64.ActiveCfg = Release|Any CPU
		{F79B2221-AB50-43AF-957F-266C3405EB49}.Release|x64.Build.0 = Release|Any CPU
		{F79B2221-AB50-43AF-957F-266C3405EB49}.Release|x86.ActiveCfg = Release|Any CPU
		{EFF850B2-DDF4-45AB-878F-1DC7F1208C93}.Debug|Any CPU.ActiveCfg = Debug|Any CPU
		{EFF850B2-DDF4-45AB-878F-1DC7F1208C93}.Debug|Any CPU.Build.0 = Debug|Any CPU
		{EFF850B2-DDF4-45AB-878F-1DC7F1208C93}.Debug|x64.ActiveCfg = Debug|Any CPU
		{EFF850B2-DDF4-45AB-878F-1DC7F1208C93}.Debug|x64.Build.0 = Debug|Any CPU
		{EFF850B2-DDF4-45AB-878F-1DC7F1208C93}.Debug|x86.ActiveCfg = Debug|Any CPU
		{EFF850B2-DDF4-45AB-878F-1DC7F1208C93}.Release|Any CPU.ActiveCfg = Release|Any CPU
		{EFF850B2-DDF4-45AB-878F-1DC7F1208C93}.Release|Any CPU.Build.0 = Release|Any CPU
		{EFF850B2-DDF4-45AB-878F-1DC7F1208C93}.Release|x64.ActiveCfg = Release|Any CPU
		{EFF850B2-DDF4-45AB-878F-1DC7F1208C93}.Release|x64.Build.0 = Release|Any CPU
		{EFF850B2-DDF4-45AB-878F-1DC7F1208C93}.Release|x86.ActiveCfg = Release|Any CPU
		{56A0D83E-2527-4ECD-B15F-C78D1125A2A9}.Debug|Any CPU.ActiveCfg = Debug|Any CPU
		{56A0D83E-2527-4ECD-B15F-C78D1125A2A9}.Debug|Any CPU.Build.0 = Debug|Any CPU
		{56A0D83E-2527-4ECD-B15F-C78D1125A2A9}.Debug|x64.ActiveCfg = Debug|Any CPU
		{56A0D83E-2527-4ECD-B15F-C78D1125A2A9}.Debug|x64.Build.0 = Debug|Any CPU
		{56A0D83E-2527-4ECD-B15F-C78D1125A2A9}.Debug|x86.ActiveCfg = Debug|Any CPU
		{56A0D83E-2527-4ECD-B15F-C78D1125A2A9}.Release|Any CPU.ActiveCfg = Release|Any CPU
		{56A0D83E-2527-4ECD-B15F-C78D1125A2A9}.Release|Any CPU.Build.0 = Release|Any CPU
		{56A0D83E-2527-4ECD-B15F-C78D1125A2A9}.Release|x64.ActiveCfg = Release|Any CPU
		{56A0D83E-2527-4ECD-B15F-C78D1125A2A9}.Release|x64.Build.0 = Release|Any CPU
		{56A0D83E-2527-4ECD-B15F-C78D1125A2A9}.Release|x86.ActiveCfg = Release|Any CPU
		{F60F197B-E37C-4917-B3F8-3B7A82764F48}.Debug|Any CPU.ActiveCfg = Debug|Any CPU
		{F60F197B-E37C-4917-B3F8-3B7A82764F48}.Debug|Any CPU.Build.0 = Debug|Any CPU
		{F60F197B-E37C-4917-B3F8-3B7A82764F48}.Debug|x64.ActiveCfg = Debug|Any CPU
		{F60F197B-E37C-4917-B3F8-3B7A82764F48}.Debug|x64.Build.0 = Debug|Any CPU
		{F60F197B-E37C-4917-B3F8-3B7A82764F48}.Debug|x86.ActiveCfg = Debug|Any CPU
		{F60F197B-E37C-4917-B3F8-3B7A82764F48}.Release|Any CPU.ActiveCfg = Release|Any CPU
		{F60F197B-E37C-4917-B3F8-3B7A82764F48}.Release|Any CPU.Build.0 = Release|Any CPU
		{F60F197B-E37C-4917-B3F8-3B7A82764F48}.Release|x64.ActiveCfg = Release|Any CPU
		{F60F197B-E37C-4917-B3F8-3B7A82764F48}.Release|x64.Build.0 = Release|Any CPU
		{F60F197B-E37C-4917-B3F8-3B7A82764F48}.Release|x86.ActiveCfg = Release|Any CPU
		{A16E846E-F668-48ED-908F-D097BB910C99}.Debug|Any CPU.ActiveCfg = Debug|Any CPU
		{A16E846E-F668-48ED-908F-D097BB910C99}.Debug|Any CPU.Build.0 = Debug|Any CPU
		{A16E846E-F668-48ED-908F-D097BB910C99}.Debug|x64.ActiveCfg = Debug|Any CPU
		{A16E846E-F668-48ED-908F-D097BB910C99}.Debug|x64.Build.0 = Debug|Any CPU
		{A16E846E-F668-48ED-908F-D097BB910C99}.Debug|x86.ActiveCfg = Debug|Any CPU
		{A16E846E-F668-48ED-908F-D097BB910C99}.Release|Any CPU.ActiveCfg = Release|Any CPU
		{A16E846E-F668-48ED-908F-D097BB910C99}.Release|Any CPU.Build.0 = Release|Any CPU
		{A16E846E-F668-48ED-908F-D097BB910C99}.Release|x64.ActiveCfg = Release|Any CPU
		{A16E846E-F668-48ED-908F-D097BB910C99}.Release|x64.Build.0 = Release|Any CPU
		{A16E846E-F668-48ED-908F-D097BB910C99}.Release|x86.ActiveCfg = Release|Any CPU
		{206AE4BA-6028-44C4-AC30-13C25A94D675}.Debug|Any CPU.ActiveCfg = Debug|Any CPU
		{206AE4BA-6028-44C4-AC30-13C25A94D675}.Debug|Any CPU.Build.0 = Debug|Any CPU
		{206AE4BA-6028-44C4-AC30-13C25A94D675}.Debug|x64.ActiveCfg = Debug|Any CPU
		{206AE4BA-6028-44C4-AC30-13C25A94D675}.Debug|x64.Build.0 = Debug|Any CPU
		{206AE4BA-6028-44C4-AC30-13C25A94D675}.Debug|x86.ActiveCfg = Debug|Any CPU
		{206AE4BA-6028-44C4-AC30-13C25A94D675}.Release|Any CPU.ActiveCfg = Release|Any CPU
		{206AE4BA-6028-44C4-AC30-13C25A94D675}.Release|Any CPU.Build.0 = Release|Any CPU
		{206AE4BA-6028-44C4-AC30-13C25A94D675}.Release|x64.ActiveCfg = Release|Any CPU
		{206AE4BA-6028-44C4-AC30-13C25A94D675}.Release|x64.Build.0 = Release|Any CPU
		{206AE4BA-6028-44C4-AC30-13C25A94D675}.Release|x86.ActiveCfg = Release|Any CPU
		{64B2FCB4-CEA0-4081-BCCB-1A170532CB23}.Debug|Any CPU.ActiveCfg = Debug|Any CPU
		{64B2FCB4-CEA0-4081-BCCB-1A170532CB23}.Debug|Any CPU.Build.0 = Debug|Any CPU
		{64B2FCB4-CEA0-4081-BCCB-1A170532CB23}.Debug|x64.ActiveCfg = Debug|Any CPU
		{64B2FCB4-CEA0-4081-BCCB-1A170532CB23}.Debug|x64.Build.0 = Debug|Any CPU
		{64B2FCB4-CEA0-4081-BCCB-1A170532CB23}.Debug|x86.ActiveCfg = Debug|Any CPU
		{64B2FCB4-CEA0-4081-BCCB-1A170532CB23}.Release|Any CPU.ActiveCfg = Release|Any CPU
		{64B2FCB4-CEA0-4081-BCCB-1A170532CB23}.Release|Any CPU.Build.0 = Release|Any CPU
		{64B2FCB4-CEA0-4081-BCCB-1A170532CB23}.Release|x64.ActiveCfg = Release|Any CPU
		{64B2FCB4-CEA0-4081-BCCB-1A170532CB23}.Release|x64.Build.0 = Release|Any CPU
		{64B2FCB4-CEA0-4081-BCCB-1A170532CB23}.Release|x86.ActiveCfg = Release|Any CPU
		{128D732E-7793-44B7-B1D5-653B20B4D46F}.Debug|Any CPU.ActiveCfg = Debug|Any CPU
		{128D732E-7793-44B7-B1D5-653B20B4D46F}.Debug|Any CPU.Build.0 = Debug|Any CPU
		{128D732E-7793-44B7-B1D5-653B20B4D46F}.Debug|x64.ActiveCfg = Debug|Any CPU
		{128D732E-7793-44B7-B1D5-653B20B4D46F}.Debug|x64.Build.0 = Debug|Any CPU
		{128D732E-7793-44B7-B1D5-653B20B4D46F}.Debug|x86.ActiveCfg = Debug|Any CPU
		{128D732E-7793-44B7-B1D5-653B20B4D46F}.Release|Any CPU.ActiveCfg = Release|Any CPU
		{128D732E-7793-44B7-B1D5-653B20B4D46F}.Release|Any CPU.Build.0 = Release|Any CPU
		{128D732E-7793-44B7-B1D5-653B20B4D46F}.Release|x64.ActiveCfg = Release|Any CPU
		{128D732E-7793-44B7-B1D5-653B20B4D46F}.Release|x64.Build.0 = Release|Any CPU
		{128D732E-7793-44B7-B1D5-653B20B4D46F}.Release|x86.ActiveCfg = Release|Any CPU
		{5D513BC3-00A7-453A-BA2B-A047DD78B7AA}.Debug|Any CPU.ActiveCfg = Debug|Any CPU
		{5D513BC3-00A7-453A-BA2B-A047DD78B7AA}.Debug|Any CPU.Build.0 = Debug|Any CPU
		{5D513BC3-00A7-453A-BA2B-A047DD78B7AA}.Debug|x64.ActiveCfg = Debug|Any CPU
		{5D513BC3-00A7-453A-BA2B-A047DD78B7AA}.Debug|x64.Build.0 = Debug|Any CPU
		{5D513BC3-00A7-453A-BA2B-A047DD78B7AA}.Debug|x86.ActiveCfg = Debug|Any CPU
		{5D513BC3-00A7-453A-BA2B-A047DD78B7AA}.Release|Any CPU.ActiveCfg = Release|Any CPU
		{5D513BC3-00A7-453A-BA2B-A047DD78B7AA}.Release|Any CPU.Build.0 = Release|Any CPU
		{5D513BC3-00A7-453A-BA2B-A047DD78B7AA}.Release|x64.ActiveCfg = Release|Any CPU
		{5D513BC3-00A7-453A-BA2B-A047DD78B7AA}.Release|x64.Build.0 = Release|Any CPU
		{5D513BC3-00A7-453A-BA2B-A047DD78B7AA}.Release|x86.ActiveCfg = Release|Any CPU
		{F9CDC241-3E51-4F1C-B0A6-B1A1B081DA4D}.Debug|Any CPU.ActiveCfg = Debug|Any CPU
		{F9CDC241-3E51-4F1C-B0A6-B1A1B081DA4D}.Debug|Any CPU.Build.0 = Debug|Any CPU
		{F9CDC241-3E51-4F1C-B0A6-B1A1B081DA4D}.Debug|x64.ActiveCfg = Debug|Any CPU
		{F9CDC241-3E51-4F1C-B0A6-B1A1B081DA4D}.Debug|x64.Build.0 = Debug|Any CPU
		{F9CDC241-3E51-4F1C-B0A6-B1A1B081DA4D}.Debug|x86.ActiveCfg = Debug|Any CPU
		{F9CDC241-3E51-4F1C-B0A6-B1A1B081DA4D}.Release|Any CPU.ActiveCfg = Release|Any CPU
		{F9CDC241-3E51-4F1C-B0A6-B1A1B081DA4D}.Release|Any CPU.Build.0 = Release|Any CPU
		{F9CDC241-3E51-4F1C-B0A6-B1A1B081DA4D}.Release|x64.ActiveCfg = Release|Any CPU
		{F9CDC241-3E51-4F1C-B0A6-B1A1B081DA4D}.Release|x64.Build.0 = Release|Any CPU
		{F9CDC241-3E51-4F1C-B0A6-B1A1B081DA4D}.Release|x86.ActiveCfg = Release|Any CPU
		{1538D15D-4405-43DB-8EEA-6A5E9149426A}.Debug|Any CPU.ActiveCfg = Debug|Any CPU
		{1538D15D-4405-43DB-8EEA-6A5E9149426A}.Debug|Any CPU.Build.0 = Debug|Any CPU
		{1538D15D-4405-43DB-8EEA-6A5E9149426A}.Debug|x64.ActiveCfg = Debug|Any CPU
		{1538D15D-4405-43DB-8EEA-6A5E9149426A}.Debug|x64.Build.0 = Debug|Any CPU
		{1538D15D-4405-43DB-8EEA-6A5E9149426A}.Debug|x86.ActiveCfg = Debug|Any CPU
		{1538D15D-4405-43DB-8EEA-6A5E9149426A}.Release|Any CPU.ActiveCfg = Release|Any CPU
		{1538D15D-4405-43DB-8EEA-6A5E9149426A}.Release|Any CPU.Build.0 = Release|Any CPU
		{1538D15D-4405-43DB-8EEA-6A5E9149426A}.Release|x64.ActiveCfg = Release|Any CPU
		{1538D15D-4405-43DB-8EEA-6A5E9149426A}.Release|x64.Build.0 = Release|Any CPU
		{1538D15D-4405-43DB-8EEA-6A5E9149426A}.Release|x86.ActiveCfg = Release|Any CPU
		{1027C65C-4741-4728-9978-49EB05215EE3}.Debug|Any CPU.ActiveCfg = Debug|Any CPU
		{1027C65C-4741-4728-9978-49EB05215EE3}.Debug|Any CPU.Build.0 = Debug|Any CPU
		{1027C65C-4741-4728-9978-49EB05215EE3}.Debug|x64.ActiveCfg = Debug|Any CPU
		{1027C65C-4741-4728-9978-49EB05215EE3}.Debug|x64.Build.0 = Debug|Any CPU
		{1027C65C-4741-4728-9978-49EB05215EE3}.Debug|x86.ActiveCfg = Debug|Any CPU
		{1027C65C-4741-4728-9978-49EB05215EE3}.Release|Any CPU.ActiveCfg = Release|Any CPU
		{1027C65C-4741-4728-9978-49EB05215EE3}.Release|Any CPU.Build.0 = Release|Any CPU
		{1027C65C-4741-4728-9978-49EB05215EE3}.Release|x64.ActiveCfg = Release|Any CPU
		{1027C65C-4741-4728-9978-49EB05215EE3}.Release|x64.Build.0 = Release|Any CPU
		{1027C65C-4741-4728-9978-49EB05215EE3}.Release|x86.ActiveCfg = Release|Any CPU
		{51B69059-55FC-4D0A-85FB-9FC84E3A3F50}.Debug|Any CPU.ActiveCfg = Debug|Any CPU
		{51B69059-55FC-4D0A-85FB-9FC84E3A3F50}.Debug|Any CPU.Build.0 = Debug|Any CPU
		{51B69059-55FC-4D0A-85FB-9FC84E3A3F50}.Debug|x64.ActiveCfg = Debug|Any CPU
		{51B69059-55FC-4D0A-85FB-9FC84E3A3F50}.Debug|x64.Build.0 = Debug|Any CPU
		{51B69059-55FC-4D0A-85FB-9FC84E3A3F50}.Debug|x86.ActiveCfg = Debug|Any CPU
		{51B69059-55FC-4D0A-85FB-9FC84E3A3F50}.Release|Any CPU.ActiveCfg = Release|Any CPU
		{51B69059-55FC-4D0A-85FB-9FC84E3A3F50}.Release|Any CPU.Build.0 = Release|Any CPU
		{51B69059-55FC-4D0A-85FB-9FC84E3A3F50}.Release|x64.ActiveCfg = Release|Any CPU
		{51B69059-55FC-4D0A-85FB-9FC84E3A3F50}.Release|x64.Build.0 = Release|Any CPU
		{51B69059-55FC-4D0A-85FB-9FC84E3A3F50}.Release|x86.ActiveCfg = Release|Any CPU
		{D5838717-44BA-4A92-A14A-387E57580450}.Debug|Any CPU.ActiveCfg = Debug|Any CPU
		{D5838717-44BA-4A92-A14A-387E57580450}.Debug|Any CPU.Build.0 = Debug|Any CPU
		{D5838717-44BA-4A92-A14A-387E57580450}.Debug|x64.ActiveCfg = Debug|Any CPU
		{D5838717-44BA-4A92-A14A-387E57580450}.Debug|x64.Build.0 = Debug|Any CPU
		{D5838717-44BA-4A92-A14A-387E57580450}.Debug|x86.ActiveCfg = Debug|Any CPU
		{D5838717-44BA-4A92-A14A-387E57580450}.Release|Any CPU.ActiveCfg = Release|Any CPU
		{D5838717-44BA-4A92-A14A-387E57580450}.Release|Any CPU.Build.0 = Release|Any CPU
		{D5838717-44BA-4A92-A14A-387E57580450}.Release|x64.ActiveCfg = Release|Any CPU
		{D5838717-44BA-4A92-A14A-387E57580450}.Release|x64.Build.0 = Release|Any CPU
		{D5838717-44BA-4A92-A14A-387E57580450}.Release|x86.ActiveCfg = Release|Any CPU
		{B0DF5DA5-F151-4AF1-8EA7-AC3F586111E1}.Debug|Any CPU.ActiveCfg = Debug|Any CPU
		{B0DF5DA5-F151-4AF1-8EA7-AC3F586111E1}.Debug|Any CPU.Build.0 = Debug|Any CPU
		{B0DF5DA5-F151-4AF1-8EA7-AC3F586111E1}.Debug|x64.ActiveCfg = Debug|Any CPU
		{B0DF5DA5-F151-4AF1-8EA7-AC3F586111E1}.Debug|x64.Build.0 = Debug|Any CPU
		{B0DF5DA5-F151-4AF1-8EA7-AC3F586111E1}.Debug|x86.ActiveCfg = Debug|Any CPU
		{B0DF5DA5-F151-4AF1-8EA7-AC3F586111E1}.Release|Any CPU.ActiveCfg = Release|Any CPU
		{B0DF5DA5-F151-4AF1-8EA7-AC3F586111E1}.Release|Any CPU.Build.0 = Release|Any CPU
		{B0DF5DA5-F151-4AF1-8EA7-AC3F586111E1}.Release|x64.ActiveCfg = Release|Any CPU
		{B0DF5DA5-F151-4AF1-8EA7-AC3F586111E1}.Release|x64.Build.0 = Release|Any CPU
		{B0DF5DA5-F151-4AF1-8EA7-AC3F586111E1}.Release|x86.ActiveCfg = Release|Any CPU
		{3FCEC70E-1E14-4FEC-BB25-8C9E3259AF7A}.Debug|Any CPU.ActiveCfg = Debug|Any CPU
		{3FCEC70E-1E14-4FEC-BB25-8C9E3259AF7A}.Debug|Any CPU.Build.0 = Debug|Any CPU
		{3FCEC70E-1E14-4FEC-BB25-8C9E3259AF7A}.Debug|x64.ActiveCfg = Debug|Any CPU
		{3FCEC70E-1E14-4FEC-BB25-8C9E3259AF7A}.Debug|x64.Build.0 = Debug|Any CPU
		{3FCEC70E-1E14-4FEC-BB25-8C9E3259AF7A}.Debug|x86.ActiveCfg = Debug|Any CPU
		{3FCEC70E-1E14-4FEC-BB25-8C9E3259AF7A}.Release|Any CPU.ActiveCfg = Release|Any CPU
		{3FCEC70E-1E14-4FEC-BB25-8C9E3259AF7A}.Release|Any CPU.Build.0 = Release|Any CPU
		{3FCEC70E-1E14-4FEC-BB25-8C9E3259AF7A}.Release|x64.ActiveCfg = Release|Any CPU
		{3FCEC70E-1E14-4FEC-BB25-8C9E3259AF7A}.Release|x64.Build.0 = Release|Any CPU
		{3FCEC70E-1E14-4FEC-BB25-8C9E3259AF7A}.Release|x86.ActiveCfg = Release|Any CPU
		{83DD48CA-7C7C-46BF-B287-434A9DEF0EF0}.Debug|Any CPU.ActiveCfg = Debug|Any CPU
		{83DD48CA-7C7C-46BF-B287-434A9DEF0EF0}.Debug|Any CPU.Build.0 = Debug|Any CPU
		{83DD48CA-7C7C-46BF-B287-434A9DEF0EF0}.Debug|x64.ActiveCfg = Debug|Any CPU
		{83DD48CA-7C7C-46BF-B287-434A9DEF0EF0}.Debug|x64.Build.0 = Debug|Any CPU
		{83DD48CA-7C7C-46BF-B287-434A9DEF0EF0}.Debug|x86.ActiveCfg = Debug|Any CPU
		{83DD48CA-7C7C-46BF-B287-434A9DEF0EF0}.Release|Any CPU.ActiveCfg = Release|Any CPU
		{83DD48CA-7C7C-46BF-B287-434A9DEF0EF0}.Release|Any CPU.Build.0 = Release|Any CPU
		{83DD48CA-7C7C-46BF-B287-434A9DEF0EF0}.Release|x64.ActiveCfg = Release|Any CPU
		{83DD48CA-7C7C-46BF-B287-434A9DEF0EF0}.Release|x64.Build.0 = Release|Any CPU
		{83DD48CA-7C7C-46BF-B287-434A9DEF0EF0}.Release|x86.ActiveCfg = Release|Any CPU
		{74495BC4-E096-4B38-BAD9-D503E793959E}.Debug|Any CPU.ActiveCfg = Debug|Any CPU
		{74495BC4-E096-4B38-BAD9-D503E793959E}.Debug|Any CPU.Build.0 = Debug|Any CPU
		{74495BC4-E096-4B38-BAD9-D503E793959E}.Debug|x64.ActiveCfg = Debug|Any CPU
		{74495BC4-E096-4B38-BAD9-D503E793959E}.Debug|x64.Build.0 = Debug|Any CPU
		{74495BC4-E096-4B38-BAD9-D503E793959E}.Debug|x86.ActiveCfg = Debug|Any CPU
		{74495BC4-E096-4B38-BAD9-D503E793959E}.Release|Any CPU.ActiveCfg = Release|Any CPU
		{74495BC4-E096-4B38-BAD9-D503E793959E}.Release|Any CPU.Build.0 = Release|Any CPU
		{74495BC4-E096-4B38-BAD9-D503E793959E}.Release|x64.ActiveCfg = Release|Any CPU
		{74495BC4-E096-4B38-BAD9-D503E793959E}.Release|x64.Build.0 = Release|Any CPU
		{74495BC4-E096-4B38-BAD9-D503E793959E}.Release|x86.ActiveCfg = Release|Any CPU
		{DFF36E30-FA56-4116-83FF-4C34FC4373AD}.Debug|Any CPU.ActiveCfg = Debug|Any CPU
		{DFF36E30-FA56-4116-83FF-4C34FC4373AD}.Debug|Any CPU.Build.0 = Debug|Any CPU
		{DFF36E30-FA56-4116-83FF-4C34FC4373AD}.Debug|x64.ActiveCfg = Debug|Any CPU
		{DFF36E30-FA56-4116-83FF-4C34FC4373AD}.Debug|x64.Build.0 = Debug|Any CPU
		{DFF36E30-FA56-4116-83FF-4C34FC4373AD}.Debug|x86.ActiveCfg = Debug|Any CPU
		{DFF36E30-FA56-4116-83FF-4C34FC4373AD}.Release|Any CPU.ActiveCfg = Release|Any CPU
		{DFF36E30-FA56-4116-83FF-4C34FC4373AD}.Release|Any CPU.Build.0 = Release|Any CPU
		{DFF36E30-FA56-4116-83FF-4C34FC4373AD}.Release|x64.ActiveCfg = Release|Any CPU
		{DFF36E30-FA56-4116-83FF-4C34FC4373AD}.Release|x64.Build.0 = Release|Any CPU
		{DFF36E30-FA56-4116-83FF-4C34FC4373AD}.Release|x86.ActiveCfg = Release|Any CPU
		{A923F704-29CC-44D2-B167-29CC5529616A}.Debug|Any CPU.ActiveCfg = Debug|Any CPU
		{A923F704-29CC-44D2-B167-29CC5529616A}.Debug|Any CPU.Build.0 = Debug|Any CPU
		{A923F704-29CC-44D2-B167-29CC5529616A}.Debug|x64.ActiveCfg = Debug|Any CPU
		{A923F704-29CC-44D2-B167-29CC5529616A}.Debug|x64.Build.0 = Debug|Any CPU
		{A923F704-29CC-44D2-B167-29CC5529616A}.Debug|x86.ActiveCfg = Debug|Any CPU
		{A923F704-29CC-44D2-B167-29CC5529616A}.Release|Any CPU.ActiveCfg = Release|Any CPU
		{A923F704-29CC-44D2-B167-29CC5529616A}.Release|Any CPU.Build.0 = Release|Any CPU
		{A923F704-29CC-44D2-B167-29CC5529616A}.Release|x64.ActiveCfg = Release|Any CPU
		{A923F704-29CC-44D2-B167-29CC5529616A}.Release|x64.Build.0 = Release|Any CPU
		{A923F704-29CC-44D2-B167-29CC5529616A}.Release|x86.ActiveCfg = Release|Any CPU
		{D5452267-32CB-4F7D-B096-9279F2A5126A}.Debug|Any CPU.ActiveCfg = Debug|Any CPU
		{D5452267-32CB-4F7D-B096-9279F2A5126A}.Debug|Any CPU.Build.0 = Debug|Any CPU
		{D5452267-32CB-4F7D-B096-9279F2A5126A}.Debug|x64.ActiveCfg = Debug|Any CPU
		{D5452267-32CB-4F7D-B096-9279F2A5126A}.Debug|x64.Build.0 = Debug|Any CPU
		{D5452267-32CB-4F7D-B096-9279F2A5126A}.Debug|x86.ActiveCfg = Debug|Any CPU
		{D5452267-32CB-4F7D-B096-9279F2A5126A}.Release|Any CPU.ActiveCfg = Release|Any CPU
		{D5452267-32CB-4F7D-B096-9279F2A5126A}.Release|Any CPU.Build.0 = Release|Any CPU
		{D5452267-32CB-4F7D-B096-9279F2A5126A}.Release|x64.ActiveCfg = Release|Any CPU
		{D5452267-32CB-4F7D-B096-9279F2A5126A}.Release|x64.Build.0 = Release|Any CPU
		{D5452267-32CB-4F7D-B096-9279F2A5126A}.Release|x86.ActiveCfg = Release|Any CPU
		{B44310B7-A898-4EC7-8F58-A598B49164A8}.Debug|Any CPU.ActiveCfg = Debug|Any CPU
		{B44310B7-A898-4EC7-8F58-A598B49164A8}.Debug|Any CPU.Build.0 = Debug|Any CPU
		{B44310B7-A898-4EC7-8F58-A598B49164A8}.Debug|x64.ActiveCfg = Debug|Any CPU
		{B44310B7-A898-4EC7-8F58-A598B49164A8}.Debug|x86.ActiveCfg = Debug|Any CPU
		{B44310B7-A898-4EC7-8F58-A598B49164A8}.Release|Any CPU.ActiveCfg = Release|Any CPU
		{B44310B7-A898-4EC7-8F58-A598B49164A8}.Release|Any CPU.Build.0 = Release|Any CPU
		{B44310B7-A898-4EC7-8F58-A598B49164A8}.Release|x64.ActiveCfg = Release|Any CPU
		{B44310B7-A898-4EC7-8F58-A598B49164A8}.Release|x64.Build.0 = Release|Any CPU
		{B44310B7-A898-4EC7-8F58-A598B49164A8}.Release|x86.ActiveCfg = Release|Any CPU
		{12B518B6-26B5-480A-8A69-F1D9A83BDD70}.Debug|Any CPU.ActiveCfg = Debug|Any CPU
		{12B518B6-26B5-480A-8A69-F1D9A83BDD70}.Debug|Any CPU.Build.0 = Debug|Any CPU
		{12B518B6-26B5-480A-8A69-F1D9A83BDD70}.Debug|x64.ActiveCfg = Debug|Any CPU
		{12B518B6-26B5-480A-8A69-F1D9A83BDD70}.Debug|x86.ActiveCfg = Debug|Any CPU
		{12B518B6-26B5-480A-8A69-F1D9A83BDD70}.Release|Any CPU.ActiveCfg = Release|Any CPU
		{12B518B6-26B5-480A-8A69-F1D9A83BDD70}.Release|Any CPU.Build.0 = Release|Any CPU
		{12B518B6-26B5-480A-8A69-F1D9A83BDD70}.Release|x64.ActiveCfg = Release|Any CPU
		{12B518B6-26B5-480A-8A69-F1D9A83BDD70}.Release|x64.Build.0 = Release|Any CPU
		{12B518B6-26B5-480A-8A69-F1D9A83BDD70}.Release|x86.ActiveCfg = Release|Any CPU
		{BA4193F7-5C60-4184-8C98-7B084EE26B54}.Debug|Any CPU.ActiveCfg = Debug|Any CPU
		{BA4193F7-5C60-4184-8C98-7B084EE26B54}.Debug|Any CPU.Build.0 = Debug|Any CPU
		{BA4193F7-5C60-4184-8C98-7B084EE26B54}.Debug|x64.ActiveCfg = Debug|Any CPU
		{BA4193F7-5C60-4184-8C98-7B084EE26B54}.Debug|x64.Build.0 = Debug|Any CPU
		{BA4193F7-5C60-4184-8C98-7B084EE26B54}.Debug|x86.ActiveCfg = Debug|Any CPU
		{BA4193F7-5C60-4184-8C98-7B084EE26B54}.Debug|x86.Build.0 = Debug|Any CPU
		{BA4193F7-5C60-4184-8C98-7B084EE26B54}.Release|Any CPU.ActiveCfg = Release|Any CPU
		{BA4193F7-5C60-4184-8C98-7B084EE26B54}.Release|Any CPU.Build.0 = Release|Any CPU
		{BA4193F7-5C60-4184-8C98-7B084EE26B54}.Release|x64.ActiveCfg = Release|Any CPU
		{BA4193F7-5C60-4184-8C98-7B084EE26B54}.Release|x64.Build.0 = Release|Any CPU
		{BA4193F7-5C60-4184-8C98-7B084EE26B54}.Release|x86.ActiveCfg = Release|Any CPU
		{BA4193F7-5C60-4184-8C98-7B084EE26B54}.Release|x86.Build.0 = Release|Any CPU
		{5D6C8BD6-B11B-48A3-98CF-2FF86FF51A7D}.Debug|Any CPU.ActiveCfg = Debug|Any CPU
		{5D6C8BD6-B11B-48A3-98CF-2FF86FF51A7D}.Debug|Any CPU.Build.0 = Debug|Any CPU
		{5D6C8BD6-B11B-48A3-98CF-2FF86FF51A7D}.Debug|x64.ActiveCfg = Debug|Any CPU
		{5D6C8BD6-B11B-48A3-98CF-2FF86FF51A7D}.Debug|x86.ActiveCfg = Debug|Any CPU
		{5D6C8BD6-B11B-48A3-98CF-2FF86FF51A7D}.Release|Any CPU.ActiveCfg = Release|Any CPU
		{5D6C8BD6-B11B-48A3-98CF-2FF86FF51A7D}.Release|Any CPU.Build.0 = Release|Any CPU
		{5D6C8BD6-B11B-48A3-98CF-2FF86FF51A7D}.Release|x64.ActiveCfg = Release|Any CPU
		{5D6C8BD6-B11B-48A3-98CF-2FF86FF51A7D}.Release|x64.Build.0 = Release|Any CPU
		{5D6C8BD6-B11B-48A3-98CF-2FF86FF51A7D}.Release|x86.ActiveCfg = Release|Any CPU
		{973931B3-69CB-4264-BAB6-2893D425360F}.Debug|Any CPU.ActiveCfg = Debug|Any CPU
		{973931B3-69CB-4264-BAB6-2893D425360F}.Debug|Any CPU.Build.0 = Debug|Any CPU
		{973931B3-69CB-4264-BAB6-2893D425360F}.Debug|x64.ActiveCfg = Debug|Any CPU
		{973931B3-69CB-4264-BAB6-2893D425360F}.Debug|x64.Build.0 = Debug|Any CPU
		{973931B3-69CB-4264-BAB6-2893D425360F}.Debug|x86.ActiveCfg = Debug|Any CPU
		{973931B3-69CB-4264-BAB6-2893D425360F}.Release|Any CPU.ActiveCfg = Release|Any CPU
		{973931B3-69CB-4264-BAB6-2893D425360F}.Release|Any CPU.Build.0 = Release|Any CPU
		{973931B3-69CB-4264-BAB6-2893D425360F}.Release|x64.ActiveCfg = Release|Any CPU
		{973931B3-69CB-4264-BAB6-2893D425360F}.Release|x64.Build.0 = Release|Any CPU
		{973931B3-69CB-4264-BAB6-2893D425360F}.Release|x86.ActiveCfg = Release|Any CPU
		{F7F7F0A9-9739-4ABC-AE30-5DF539F76EF6}.Debug|Any CPU.ActiveCfg = Debug|Any CPU
		{F7F7F0A9-9739-4ABC-AE30-5DF539F76EF6}.Debug|Any CPU.Build.0 = Debug|Any CPU
		{F7F7F0A9-9739-4ABC-AE30-5DF539F76EF6}.Debug|x64.ActiveCfg = Debug|Any CPU
		{F7F7F0A9-9739-4ABC-AE30-5DF539F76EF6}.Debug|x64.Build.0 = Debug|Any CPU
		{F7F7F0A9-9739-4ABC-AE30-5DF539F76EF6}.Debug|x86.ActiveCfg = Debug|Any CPU
		{F7F7F0A9-9739-4ABC-AE30-5DF539F76EF6}.Debug|x86.Build.0 = Debug|Any CPU
		{F7F7F0A9-9739-4ABC-AE30-5DF539F76EF6}.Release|Any CPU.ActiveCfg = Release|Any CPU
		{F7F7F0A9-9739-4ABC-AE30-5DF539F76EF6}.Release|Any CPU.Build.0 = Release|Any CPU
		{F7F7F0A9-9739-4ABC-AE30-5DF539F76EF6}.Release|x64.ActiveCfg = Release|Any CPU
		{F7F7F0A9-9739-4ABC-AE30-5DF539F76EF6}.Release|x64.Build.0 = Release|Any CPU
		{F7F7F0A9-9739-4ABC-AE30-5DF539F76EF6}.Release|x86.ActiveCfg = Release|Any CPU
		{F7F7F0A9-9739-4ABC-AE30-5DF539F76EF6}.Release|x86.Build.0 = Release|Any CPU
		{2B146B32-0998-4CE6-ADA5-F3E154A29030}.Debug|Any CPU.ActiveCfg = Debug|Any CPU
		{2B146B32-0998-4CE6-ADA5-F3E154A29030}.Debug|Any CPU.Build.0 = Debug|Any CPU
		{2B146B32-0998-4CE6-ADA5-F3E154A29030}.Debug|x64.ActiveCfg = Debug|Any CPU
		{2B146B32-0998-4CE6-ADA5-F3E154A29030}.Debug|x64.Build.0 = Debug|Any CPU
		{2B146B32-0998-4CE6-ADA5-F3E154A29030}.Debug|x86.ActiveCfg = Debug|Any CPU
		{2B146B32-0998-4CE6-ADA5-F3E154A29030}.Debug|x86.Build.0 = Debug|Any CPU
		{2B146B32-0998-4CE6-ADA5-F3E154A29030}.Release|Any CPU.ActiveCfg = Release|Any CPU
		{2B146B32-0998-4CE6-ADA5-F3E154A29030}.Release|Any CPU.Build.0 = Release|Any CPU
		{2B146B32-0998-4CE6-ADA5-F3E154A29030}.Release|x64.ActiveCfg = Release|Any CPU
		{2B146B32-0998-4CE6-ADA5-F3E154A29030}.Release|x64.Build.0 = Release|Any CPU
		{2B146B32-0998-4CE6-ADA5-F3E154A29030}.Release|x86.ActiveCfg = Release|Any CPU
		{2B146B32-0998-4CE6-ADA5-F3E154A29030}.Release|x86.Build.0 = Release|Any CPU
		{1027C65C-4741-4728-9978-49EB05215ABC}.Debug|Any CPU.ActiveCfg = Debug|x86
		{1027C65C-4741-4728-9978-49EB05215ABC}.Debug|Any CPU.Build.0 = Debug|x86
		{1027C65C-4741-4728-9978-49EB05215ABC}.Debug|x64.ActiveCfg = Debug|x86
		{1027C65C-4741-4728-9978-49EB05215ABC}.Debug|x64.Build.0 = Debug|x86
		{1027C65C-4741-4728-9978-49EB05215ABC}.Debug|x86.ActiveCfg = Debug|Any CPU
		{1027C65C-4741-4728-9978-49EB05215ABC}.Release|Any CPU.ActiveCfg = Release|Any CPU
		{1027C65C-4741-4728-9978-49EB05215ABC}.Release|Any CPU.Build.0 = Release|Any CPU
		{1027C65C-4741-4728-9978-49EB05215ABC}.Release|x64.ActiveCfg = Release|x86
		{1027C65C-4741-4728-9978-49EB05215ABC}.Release|x64.Build.0 = Release|x86
		{1027C65C-4741-4728-9978-49EB05215ABC}.Release|x86.ActiveCfg = Release|Any CPU
		{10A5886B-9CB1-41E6-B4CF-B629977081DD}.Debug|Any CPU.ActiveCfg = Debug|Any CPU
		{10A5886B-9CB1-41E6-B4CF-B629977081DD}.Debug|Any CPU.Build.0 = Debug|Any CPU
		{10A5886B-9CB1-41E6-B4CF-B629977081DD}.Debug|x64.ActiveCfg = Debug|Any CPU
		{10A5886B-9CB1-41E6-B4CF-B629977081DD}.Debug|x64.Build.0 = Debug|Any CPU
		{10A5886B-9CB1-41E6-B4CF-B629977081DD}.Debug|x86.ActiveCfg = Debug|Any CPU
		{10A5886B-9CB1-41E6-B4CF-B629977081DD}.Debug|x86.Build.0 = Debug|Any CPU
		{10A5886B-9CB1-41E6-B4CF-B629977081DD}.Release|Any CPU.ActiveCfg = Release|Any CPU
		{10A5886B-9CB1-41E6-B4CF-B629977081DD}.Release|Any CPU.Build.0 = Release|Any CPU
		{10A5886B-9CB1-41E6-B4CF-B629977081DD}.Release|x64.ActiveCfg = Release|Any CPU
		{10A5886B-9CB1-41E6-B4CF-B629977081DD}.Release|x64.Build.0 = Release|Any CPU
		{10A5886B-9CB1-41E6-B4CF-B629977081DD}.Release|x86.ActiveCfg = Release|Any CPU
		{10A5886B-9CB1-41E6-B4CF-B629977081DD}.Release|x86.Build.0 = Release|Any CPU
		{D00CEA59-2AAF-429C-A315-4C74B75C3706}.Debug|Any CPU.ActiveCfg = Debug|Any CPU
		{D00CEA59-2AAF-429C-A315-4C74B75C3706}.Debug|Any CPU.Build.0 = Debug|Any CPU
		{D00CEA59-2AAF-429C-A315-4C74B75C3706}.Debug|x64.ActiveCfg = Debug|Any CPU
		{D00CEA59-2AAF-429C-A315-4C74B75C3706}.Debug|x64.Build.0 = Debug|Any CPU
		{D00CEA59-2AAF-429C-A315-4C74B75C3706}.Debug|x86.ActiveCfg = Debug|Any CPU
		{D00CEA59-2AAF-429C-A315-4C74B75C3706}.Debug|x86.Build.0 = Debug|Any CPU
		{D00CEA59-2AAF-429C-A315-4C74B75C3706}.Release|Any CPU.ActiveCfg = Release|Any CPU
		{D00CEA59-2AAF-429C-A315-4C74B75C3706}.Release|Any CPU.Build.0 = Release|Any CPU
		{D00CEA59-2AAF-429C-A315-4C74B75C3706}.Release|x64.ActiveCfg = Release|Any CPU
		{D00CEA59-2AAF-429C-A315-4C74B75C3706}.Release|x64.Build.0 = Release|Any CPU
		{D00CEA59-2AAF-429C-A315-4C74B75C3706}.Release|x86.ActiveCfg = Release|Any CPU
		{D00CEA59-2AAF-429C-A315-4C74B75C3706}.Release|x86.Build.0 = Release|Any CPU
		{45E1BF0D-4E81-4EDE-889D-8CA67DF65D34}.Debug|Any CPU.ActiveCfg = Debug|Any CPU
		{45E1BF0D-4E81-4EDE-889D-8CA67DF65D34}.Debug|Any CPU.Build.0 = Debug|Any CPU
		{45E1BF0D-4E81-4EDE-889D-8CA67DF65D34}.Debug|x64.ActiveCfg = Debug|Any CPU
		{45E1BF0D-4E81-4EDE-889D-8CA67DF65D34}.Debug|x64.Build.0 = Debug|Any CPU
		{45E1BF0D-4E81-4EDE-889D-8CA67DF65D34}.Debug|x86.ActiveCfg = Debug|Any CPU
		{45E1BF0D-4E81-4EDE-889D-8CA67DF65D34}.Debug|x86.Build.0 = Debug|Any CPU
		{45E1BF0D-4E81-4EDE-889D-8CA67DF65D34}.Release|Any CPU.ActiveCfg = Release|Any CPU
		{45E1BF0D-4E81-4EDE-889D-8CA67DF65D34}.Release|Any CPU.Build.0 = Release|Any CPU
		{45E1BF0D-4E81-4EDE-889D-8CA67DF65D34}.Release|x64.ActiveCfg = Release|Any CPU
		{45E1BF0D-4E81-4EDE-889D-8CA67DF65D34}.Release|x64.Build.0 = Release|Any CPU
		{45E1BF0D-4E81-4EDE-889D-8CA67DF65D34}.Release|x86.ActiveCfg = Release|Any CPU
		{45E1BF0D-4E81-4EDE-889D-8CA67DF65D34}.Release|x86.Build.0 = Release|Any CPU
		{C1BC2494-3981-4546-AD58-77A288C2C7C6}.Debug|Any CPU.ActiveCfg = Debug|Any CPU
		{C1BC2494-3981-4546-AD58-77A288C2C7C6}.Debug|Any CPU.Build.0 = Debug|Any CPU
		{C1BC2494-3981-4546-AD58-77A288C2C7C6}.Debug|x64.ActiveCfg = Debug|Any CPU
		{C1BC2494-3981-4546-AD58-77A288C2C7C6}.Debug|x64.Build.0 = Debug|Any CPU
		{C1BC2494-3981-4546-AD58-77A288C2C7C6}.Debug|x86.ActiveCfg = Debug|Any CPU
		{C1BC2494-3981-4546-AD58-77A288C2C7C6}.Debug|x86.Build.0 = Debug|Any CPU
		{C1BC2494-3981-4546-AD58-77A288C2C7C6}.Release|Any CPU.ActiveCfg = Release|Any CPU
		{C1BC2494-3981-4546-AD58-77A288C2C7C6}.Release|Any CPU.Build.0 = Release|Any CPU
		{C1BC2494-3981-4546-AD58-77A288C2C7C6}.Release|x64.ActiveCfg = Release|Any CPU
		{C1BC2494-3981-4546-AD58-77A288C2C7C6}.Release|x64.Build.0 = Release|Any CPU
		{C1BC2494-3981-4546-AD58-77A288C2C7C6}.Release|x86.ActiveCfg = Release|Any CPU
		{C1BC2494-3981-4546-AD58-77A288C2C7C6}.Release|x86.Build.0 = Release|Any CPU
		{4B8E9E95-1443-4193-9332-619A9ECFB0E9}.Debug|Any CPU.ActiveCfg = Debug|Any CPU
		{4B8E9E95-1443-4193-9332-619A9ECFB0E9}.Debug|Any CPU.Build.0 = Debug|Any CPU
		{4B8E9E95-1443-4193-9332-619A9ECFB0E9}.Debug|x64.ActiveCfg = Debug|Any CPU
		{4B8E9E95-1443-4193-9332-619A9ECFB0E9}.Debug|x64.Build.0 = Debug|Any CPU
		{4B8E9E95-1443-4193-9332-619A9ECFB0E9}.Debug|x86.ActiveCfg = Debug|Any CPU
		{4B8E9E95-1443-4193-9332-619A9ECFB0E9}.Debug|x86.Build.0 = Debug|Any CPU
		{4B8E9E95-1443-4193-9332-619A9ECFB0E9}.Release|Any CPU.ActiveCfg = Release|Any CPU
		{4B8E9E95-1443-4193-9332-619A9ECFB0E9}.Release|Any CPU.Build.0 = Release|Any CPU
		{4B8E9E95-1443-4193-9332-619A9ECFB0E9}.Release|x64.ActiveCfg = Release|Any CPU
		{4B8E9E95-1443-4193-9332-619A9ECFB0E9}.Release|x64.Build.0 = Release|Any CPU
		{4B8E9E95-1443-4193-9332-619A9ECFB0E9}.Release|x86.ActiveCfg = Release|Any CPU
		{4B8E9E95-1443-4193-9332-619A9ECFB0E9}.Release|x86.Build.0 = Release|Any CPU
		{B815600B-904E-438D-9E68-3633741F0E84}.Debug|Any CPU.ActiveCfg = Debug|Any CPU
		{B815600B-904E-438D-9E68-3633741F0E84}.Debug|Any CPU.Build.0 = Debug|Any CPU
		{B815600B-904E-438D-9E68-3633741F0E84}.Debug|x64.ActiveCfg = Debug|Any CPU
		{B815600B-904E-438D-9E68-3633741F0E84}.Debug|x64.Build.0 = Debug|Any CPU
		{B815600B-904E-438D-9E68-3633741F0E84}.Debug|x86.ActiveCfg = Debug|Any CPU
		{B815600B-904E-438D-9E68-3633741F0E84}.Debug|x86.Build.0 = Debug|Any CPU
		{B815600B-904E-438D-9E68-3633741F0E84}.Release|Any CPU.ActiveCfg = Release|Any CPU
		{B815600B-904E-438D-9E68-3633741F0E84}.Release|Any CPU.Build.0 = Release|Any CPU
		{B815600B-904E-438D-9E68-3633741F0E84}.Release|x64.ActiveCfg = Release|Any CPU
		{B815600B-904E-438D-9E68-3633741F0E84}.Release|x64.Build.0 = Release|Any CPU
		{B815600B-904E-438D-9E68-3633741F0E84}.Release|x86.ActiveCfg = Release|Any CPU
		{B815600B-904E-438D-9E68-3633741F0E84}.Release|x86.Build.0 = Release|Any CPU
		{8B46D068-9191-4403-8D2D-BA93E4C8F95D}.Debug|Any CPU.ActiveCfg = Debug|Any CPU
		{8B46D068-9191-4403-8D2D-BA93E4C8F95D}.Debug|Any CPU.Build.0 = Debug|Any CPU
		{8B46D068-9191-4403-8D2D-BA93E4C8F95D}.Debug|x64.ActiveCfg = Debug|Any CPU
		{8B46D068-9191-4403-8D2D-BA93E4C8F95D}.Debug|x64.Build.0 = Debug|Any CPU
		{8B46D068-9191-4403-8D2D-BA93E4C8F95D}.Debug|x86.ActiveCfg = Debug|Any CPU
		{8B46D068-9191-4403-8D2D-BA93E4C8F95D}.Debug|x86.Build.0 = Debug|Any CPU
		{8B46D068-9191-4403-8D2D-BA93E4C8F95D}.Release|Any CPU.ActiveCfg = Release|Any CPU
		{8B46D068-9191-4403-8D2D-BA93E4C8F95D}.Release|Any CPU.Build.0 = Release|Any CPU
		{8B46D068-9191-4403-8D2D-BA93E4C8F95D}.Release|x64.ActiveCfg = Release|Any CPU
		{8B46D068-9191-4403-8D2D-BA93E4C8F95D}.Release|x64.Build.0 = Release|Any CPU
		{8B46D068-9191-4403-8D2D-BA93E4C8F95D}.Release|x86.ActiveCfg = Release|Any CPU
		{8B46D068-9191-4403-8D2D-BA93E4C8F95D}.Release|x86.Build.0 = Release|Any CPU
		{0C51D4B0-7B67-4D0B-95E5-B1B29E73E366}.Debug|Any CPU.ActiveCfg = Debug|Any CPU
		{0C51D4B0-7B67-4D0B-95E5-B1B29E73E366}.Debug|Any CPU.Build.0 = Debug|Any CPU
		{0C51D4B0-7B67-4D0B-95E5-B1B29E73E366}.Debug|x64.ActiveCfg = Debug|Any CPU
		{0C51D4B0-7B67-4D0B-95E5-B1B29E73E366}.Debug|x64.Build.0 = Debug|Any CPU
		{0C51D4B0-7B67-4D0B-95E5-B1B29E73E366}.Debug|x86.ActiveCfg = Debug|Any CPU
		{0C51D4B0-7B67-4D0B-95E5-B1B29E73E366}.Debug|x86.Build.0 = Debug|Any CPU
		{0C51D4B0-7B67-4D0B-95E5-B1B29E73E366}.Release|Any CPU.ActiveCfg = Release|Any CPU
		{0C51D4B0-7B67-4D0B-95E5-B1B29E73E366}.Release|Any CPU.Build.0 = Release|Any CPU
		{0C51D4B0-7B67-4D0B-95E5-B1B29E73E366}.Release|x64.ActiveCfg = Release|Any CPU
		{0C51D4B0-7B67-4D0B-95E5-B1B29E73E366}.Release|x64.Build.0 = Release|Any CPU
		{0C51D4B0-7B67-4D0B-95E5-B1B29E73E366}.Release|x86.ActiveCfg = Release|Any CPU
		{0C51D4B0-7B67-4D0B-95E5-B1B29E73E366}.Release|x86.Build.0 = Release|Any CPU
		{FEC3B73E-E33D-40FA-AD99-C8FAE01B3629}.Debug|Any CPU.ActiveCfg = Debug|Any CPU
		{FEC3B73E-E33D-40FA-AD99-C8FAE01B3629}.Debug|Any CPU.Build.0 = Debug|Any CPU
		{FEC3B73E-E33D-40FA-AD99-C8FAE01B3629}.Debug|x64.ActiveCfg = Debug|Any CPU
		{FEC3B73E-E33D-40FA-AD99-C8FAE01B3629}.Debug|x64.Build.0 = Debug|Any CPU
		{FEC3B73E-E33D-40FA-AD99-C8FAE01B3629}.Debug|x86.ActiveCfg = Debug|Any CPU
		{FEC3B73E-E33D-40FA-AD99-C8FAE01B3629}.Debug|x86.Build.0 = Debug|Any CPU
		{FEC3B73E-E33D-40FA-AD99-C8FAE01B3629}.Release|Any CPU.ActiveCfg = Release|Any CPU
		{FEC3B73E-E33D-40FA-AD99-C8FAE01B3629}.Release|Any CPU.Build.0 = Release|Any CPU
		{FEC3B73E-E33D-40FA-AD99-C8FAE01B3629}.Release|x64.ActiveCfg = Release|Any CPU
		{FEC3B73E-E33D-40FA-AD99-C8FAE01B3629}.Release|x64.Build.0 = Release|Any CPU
		{FEC3B73E-E33D-40FA-AD99-C8FAE01B3629}.Release|x86.ActiveCfg = Release|Any CPU
		{FEC3B73E-E33D-40FA-AD99-C8FAE01B3629}.Release|x86.Build.0 = Release|Any CPU
		{76D0E21D-E86C-4BBF-8B05-7A6ED124E70E}.Debug|Any CPU.ActiveCfg = Debug|Any CPU
		{76D0E21D-E86C-4BBF-8B05-7A6ED124E70E}.Debug|Any CPU.Build.0 = Debug|Any CPU
		{76D0E21D-E86C-4BBF-8B05-7A6ED124E70E}.Debug|x64.ActiveCfg = Debug|Any CPU
		{76D0E21D-E86C-4BBF-8B05-7A6ED124E70E}.Debug|x64.Build.0 = Debug|Any CPU
		{76D0E21D-E86C-4BBF-8B05-7A6ED124E70E}.Debug|x86.ActiveCfg = Debug|Any CPU
		{76D0E21D-E86C-4BBF-8B05-7A6ED124E70E}.Debug|x86.Build.0 = Debug|Any CPU
		{76D0E21D-E86C-4BBF-8B05-7A6ED124E70E}.Release|Any CPU.ActiveCfg = Release|Any CPU
		{76D0E21D-E86C-4BBF-8B05-7A6ED124E70E}.Release|Any CPU.Build.0 = Release|Any CPU
		{76D0E21D-E86C-4BBF-8B05-7A6ED124E70E}.Release|x64.ActiveCfg = Release|Any CPU
		{76D0E21D-E86C-4BBF-8B05-7A6ED124E70E}.Release|x64.Build.0 = Release|Any CPU
		{76D0E21D-E86C-4BBF-8B05-7A6ED124E70E}.Release|x86.ActiveCfg = Release|Any CPU
		{76D0E21D-E86C-4BBF-8B05-7A6ED124E70E}.Release|x86.Build.0 = Release|Any CPU
		{0E7700EB-F570-4654-A10D-6EBEAA5585BE}.Debug|Any CPU.ActiveCfg = Debug|Any CPU
		{0E7700EB-F570-4654-A10D-6EBEAA5585BE}.Debug|Any CPU.Build.0 = Debug|Any CPU
		{0E7700EB-F570-4654-A10D-6EBEAA5585BE}.Debug|x64.ActiveCfg = Debug|Any CPU
		{0E7700EB-F570-4654-A10D-6EBEAA5585BE}.Debug|x64.Build.0 = Debug|Any CPU
		{0E7700EB-F570-4654-A10D-6EBEAA5585BE}.Debug|x86.ActiveCfg = Debug|Any CPU
		{0E7700EB-F570-4654-A10D-6EBEAA5585BE}.Debug|x86.Build.0 = Debug|Any CPU
		{0E7700EB-F570-4654-A10D-6EBEAA5585BE}.Release|Any CPU.ActiveCfg = Release|Any CPU
		{0E7700EB-F570-4654-A10D-6EBEAA5585BE}.Release|Any CPU.Build.0 = Release|Any CPU
		{0E7700EB-F570-4654-A10D-6EBEAA5585BE}.Release|x64.ActiveCfg = Release|Any CPU
		{0E7700EB-F570-4654-A10D-6EBEAA5585BE}.Release|x64.Build.0 = Release|Any CPU
		{0E7700EB-F570-4654-A10D-6EBEAA5585BE}.Release|x86.ActiveCfg = Release|Any CPU
		{0E7700EB-F570-4654-A10D-6EBEAA5585BE}.Release|x86.Build.0 = Release|Any CPU
		{AB9312E1-E4FF-4405-99E7-E524E2838AE1}.Debug|Any CPU.ActiveCfg = Debug|Any CPU
		{AB9312E1-E4FF-4405-99E7-E524E2838AE1}.Debug|Any CPU.Build.0 = Debug|Any CPU
		{AB9312E1-E4FF-4405-99E7-E524E2838AE1}.Debug|x64.ActiveCfg = Debug|Any CPU
		{AB9312E1-E4FF-4405-99E7-E524E2838AE1}.Debug|x64.Build.0 = Debug|Any CPU
		{AB9312E1-E4FF-4405-99E7-E524E2838AE1}.Debug|x86.ActiveCfg = Debug|Any CPU
		{AB9312E1-E4FF-4405-99E7-E524E2838AE1}.Debug|x86.Build.0 = Debug|Any CPU
		{AB9312E1-E4FF-4405-99E7-E524E2838AE1}.Release|Any CPU.ActiveCfg = Release|Any CPU
		{AB9312E1-E4FF-4405-99E7-E524E2838AE1}.Release|Any CPU.Build.0 = Release|Any CPU
		{AB9312E1-E4FF-4405-99E7-E524E2838AE1}.Release|x64.ActiveCfg = Release|Any CPU
		{AB9312E1-E4FF-4405-99E7-E524E2838AE1}.Release|x64.Build.0 = Release|Any CPU
		{AB9312E1-E4FF-4405-99E7-E524E2838AE1}.Release|x86.ActiveCfg = Release|Any CPU
		{AB9312E1-E4FF-4405-99E7-E524E2838AE1}.Release|x86.Build.0 = Release|Any CPU
		{26C10EFC-62BC-4121-9EFD-11883116048A}.Debug|Any CPU.ActiveCfg = Debug|Any CPU
		{26C10EFC-62BC-4121-9EFD-11883116048A}.Debug|Any CPU.Build.0 = Debug|Any CPU
		{26C10EFC-62BC-4121-9EFD-11883116048A}.Debug|x64.ActiveCfg = Debug|Any CPU
		{26C10EFC-62BC-4121-9EFD-11883116048A}.Debug|x64.Build.0 = Debug|Any CPU
		{26C10EFC-62BC-4121-9EFD-11883116048A}.Debug|x86.ActiveCfg = Debug|Any CPU
		{26C10EFC-62BC-4121-9EFD-11883116048A}.Debug|x86.Build.0 = Debug|Any CPU
		{26C10EFC-62BC-4121-9EFD-11883116048A}.Release|Any CPU.ActiveCfg = Release|Any CPU
		{26C10EFC-62BC-4121-9EFD-11883116048A}.Release|Any CPU.Build.0 = Release|Any CPU
		{26C10EFC-62BC-4121-9EFD-11883116048A}.Release|x64.ActiveCfg = Release|Any CPU
		{26C10EFC-62BC-4121-9EFD-11883116048A}.Release|x64.Build.0 = Release|Any CPU
		{26C10EFC-62BC-4121-9EFD-11883116048A}.Release|x86.ActiveCfg = Release|Any CPU
		{26C10EFC-62BC-4121-9EFD-11883116048A}.Release|x86.Build.0 = Release|Any CPU
		{2728FFFB-ABCD-4324-B2F2-A743C274B26A}.Debug|Any CPU.ActiveCfg = Debug|Any CPU
		{2728FFFB-ABCD-4324-B2F2-A743C274B26A}.Debug|Any CPU.Build.0 = Debug|Any CPU
		{2728FFFB-ABCD-4324-B2F2-A743C274B26A}.Debug|x64.ActiveCfg = Debug|Any CPU
		{2728FFFB-ABCD-4324-B2F2-A743C274B26A}.Debug|x64.Build.0 = Debug|Any CPU
		{2728FFFB-ABCD-4324-B2F2-A743C274B26A}.Debug|x86.ActiveCfg = Debug|Any CPU
		{2728FFFB-ABCD-4324-B2F2-A743C274B26A}.Debug|x86.Build.0 = Debug|Any CPU
		{2728FFFB-ABCD-4324-B2F2-A743C274B26A}.Release|Any CPU.ActiveCfg = Release|Any CPU
		{2728FFFB-ABCD-4324-B2F2-A743C274B26A}.Release|Any CPU.Build.0 = Release|Any CPU
		{2728FFFB-ABCD-4324-B2F2-A743C274B26A}.Release|x64.ActiveCfg = Release|Any CPU
		{2728FFFB-ABCD-4324-B2F2-A743C274B26A}.Release|x64.Build.0 = Release|Any CPU
		{2728FFFB-ABCD-4324-B2F2-A743C274B26A}.Release|x86.ActiveCfg = Release|Any CPU
		{2728FFFB-ABCD-4324-B2F2-A743C274B26A}.Release|x86.Build.0 = Release|Any CPU
		{5F322808-0C9F-4B50-8AA2-70A3575F5AAF}.Debug|Any CPU.ActiveCfg = Debug|Any CPU
		{5F322808-0C9F-4B50-8AA2-70A3575F5AAF}.Debug|Any CPU.Build.0 = Debug|Any CPU
		{5F322808-0C9F-4B50-8AA2-70A3575F5AAF}.Debug|x64.ActiveCfg = Debug|Any CPU
		{5F322808-0C9F-4B50-8AA2-70A3575F5AAF}.Debug|x64.Build.0 = Debug|Any CPU
		{5F322808-0C9F-4B50-8AA2-70A3575F5AAF}.Debug|x86.ActiveCfg = Debug|Any CPU
		{5F322808-0C9F-4B50-8AA2-70A3575F5AAF}.Debug|x86.Build.0 = Debug|Any CPU
		{5F322808-0C9F-4B50-8AA2-70A3575F5AAF}.Release|Any CPU.ActiveCfg = Release|Any CPU
		{5F322808-0C9F-4B50-8AA2-70A3575F5AAF}.Release|Any CPU.Build.0 = Release|Any CPU
		{5F322808-0C9F-4B50-8AA2-70A3575F5AAF}.Release|x64.ActiveCfg = Release|Any CPU
		{5F322808-0C9F-4B50-8AA2-70A3575F5AAF}.Release|x64.Build.0 = Release|Any CPU
		{5F322808-0C9F-4B50-8AA2-70A3575F5AAF}.Release|x86.ActiveCfg = Release|Any CPU
		{5F322808-0C9F-4B50-8AA2-70A3575F5AAF}.Release|x86.Build.0 = Release|Any CPU
		{B1E0548B-359E-4535-A6F2-F1E567C0FF75}.Debug|Any CPU.ActiveCfg = Debug|Any CPU
		{B1E0548B-359E-4535-A6F2-F1E567C0FF75}.Debug|Any CPU.Build.0 = Debug|Any CPU
		{B1E0548B-359E-4535-A6F2-F1E567C0FF75}.Debug|x64.ActiveCfg = Debug|Any CPU
		{B1E0548B-359E-4535-A6F2-F1E567C0FF75}.Debug|x64.Build.0 = Debug|Any CPU
		{B1E0548B-359E-4535-A6F2-F1E567C0FF75}.Debug|x86.ActiveCfg = Debug|Any CPU
		{B1E0548B-359E-4535-A6F2-F1E567C0FF75}.Debug|x86.Build.0 = Debug|Any CPU
		{B1E0548B-359E-4535-A6F2-F1E567C0FF75}.Release|Any CPU.ActiveCfg = Release|Any CPU
		{B1E0548B-359E-4535-A6F2-F1E567C0FF75}.Release|Any CPU.Build.0 = Release|Any CPU
		{B1E0548B-359E-4535-A6F2-F1E567C0FF75}.Release|x64.ActiveCfg = Release|Any CPU
		{B1E0548B-359E-4535-A6F2-F1E567C0FF75}.Release|x64.Build.0 = Release|Any CPU
		{B1E0548B-359E-4535-A6F2-F1E567C0FF75}.Release|x86.ActiveCfg = Release|Any CPU
		{B1E0548B-359E-4535-A6F2-F1E567C0FF75}.Release|x86.Build.0 = Release|Any CPU
		{03E35BB2-1355-42CF-99FA-4011201FD038}.Debug|Any CPU.ActiveCfg = Debug|Any CPU
		{03E35BB2-1355-42CF-99FA-4011201FD038}.Debug|Any CPU.Build.0 = Debug|Any CPU
		{03E35BB2-1355-42CF-99FA-4011201FD038}.Debug|x64.ActiveCfg = Debug|Any CPU
		{03E35BB2-1355-42CF-99FA-4011201FD038}.Debug|x64.Build.0 = Debug|Any CPU
		{03E35BB2-1355-42CF-99FA-4011201FD038}.Debug|x86.ActiveCfg = Debug|Any CPU
		{03E35BB2-1355-42CF-99FA-4011201FD038}.Debug|x86.Build.0 = Debug|Any CPU
		{03E35BB2-1355-42CF-99FA-4011201FD038}.Release|Any CPU.ActiveCfg = Release|Any CPU
		{03E35BB2-1355-42CF-99FA-4011201FD038}.Release|Any CPU.Build.0 = Release|Any CPU
		{03E35BB2-1355-42CF-99FA-4011201FD038}.Release|x64.ActiveCfg = Release|Any CPU
		{03E35BB2-1355-42CF-99FA-4011201FD038}.Release|x64.Build.0 = Release|Any CPU
		{03E35BB2-1355-42CF-99FA-4011201FD038}.Release|x86.ActiveCfg = Release|Any CPU
		{03E35BB2-1355-42CF-99FA-4011201FD038}.Release|x86.Build.0 = Release|Any CPU
		{82AE2413-F082-4E0C-91F0-4AED972F105E}.Debug|Any CPU.ActiveCfg = Debug|Win32
		{82AE2413-F082-4E0C-91F0-4AED972F105E}.Debug|Any CPU.Build.0 = Debug|Win32
		{82AE2413-F082-4E0C-91F0-4AED972F105E}.Debug|x64.ActiveCfg = Debug|x64
		{82AE2413-F082-4E0C-91F0-4AED972F105E}.Debug|x64.Build.0 = Debug|x64
		{82AE2413-F082-4E0C-91F0-4AED972F105E}.Debug|x86.ActiveCfg = Debug|Win32
		{82AE2413-F082-4E0C-91F0-4AED972F105E}.Debug|x86.Build.0 = Debug|Win32
		{82AE2413-F082-4E0C-91F0-4AED972F105E}.Release|Any CPU.ActiveCfg = Release|Win32
		{82AE2413-F082-4E0C-91F0-4AED972F105E}.Release|Any CPU.Build.0 = Release|Win32
		{82AE2413-F082-4E0C-91F0-4AED972F105E}.Release|x64.ActiveCfg = Release|x64
		{82AE2413-F082-4E0C-91F0-4AED972F105E}.Release|x64.Build.0 = Release|x64
		{82AE2413-F082-4E0C-91F0-4AED972F105E}.Release|x86.ActiveCfg = Release|Win32
		{82AE2413-F082-4E0C-91F0-4AED972F105E}.Release|x86.Build.0 = Release|Win32
		{32CACE2D-0C9C-4651-8941-78CEE3871739}.Debug|Any CPU.ActiveCfg = Debug|Win32
		{32CACE2D-0C9C-4651-8941-78CEE3871739}.Debug|Any CPU.Build.0 = Debug|Win32
		{32CACE2D-0C9C-4651-8941-78CEE3871739}.Debug|x64.ActiveCfg = Debug|x64
		{32CACE2D-0C9C-4651-8941-78CEE3871739}.Debug|x64.Build.0 = Debug|x64
		{32CACE2D-0C9C-4651-8941-78CEE3871739}.Debug|x86.ActiveCfg = Debug|Win32
		{32CACE2D-0C9C-4651-8941-78CEE3871739}.Debug|x86.Build.0 = Debug|Win32
		{32CACE2D-0C9C-4651-8941-78CEE3871739}.Release|Any CPU.ActiveCfg = Release|Win32
		{32CACE2D-0C9C-4651-8941-78CEE3871739}.Release|Any CPU.Build.0 = Release|Win32
		{32CACE2D-0C9C-4651-8941-78CEE3871739}.Release|x64.ActiveCfg = Release|x64
		{32CACE2D-0C9C-4651-8941-78CEE3871739}.Release|x64.Build.0 = Release|x64
		{32CACE2D-0C9C-4651-8941-78CEE3871739}.Release|x86.ActiveCfg = Release|Win32
		{32CACE2D-0C9C-4651-8941-78CEE3871739}.Release|x86.Build.0 = Release|Win32
		{51587271-F3C8-48E0-B37C-9C9BB82E6C09}.Debug|Any CPU.ActiveCfg = Debug|Any CPU
		{51587271-F3C8-48E0-B37C-9C9BB82E6C09}.Debug|Any CPU.Build.0 = Debug|Any CPU
		{51587271-F3C8-48E0-B37C-9C9BB82E6C09}.Debug|x64.ActiveCfg = Debug|Any CPU
		{51587271-F3C8-48E0-B37C-9C9BB82E6C09}.Debug|x64.Build.0 = Debug|Any CPU
		{51587271-F3C8-48E0-B37C-9C9BB82E6C09}.Debug|x86.ActiveCfg = Debug|Any CPU
		{51587271-F3C8-48E0-B37C-9C9BB82E6C09}.Debug|x86.Build.0 = Debug|Any CPU
		{51587271-F3C8-48E0-B37C-9C9BB82E6C09}.Release|Any CPU.ActiveCfg = Release|Any CPU
		{51587271-F3C8-48E0-B37C-9C9BB82E6C09}.Release|Any CPU.Build.0 = Release|Any CPU
		{51587271-F3C8-48E0-B37C-9C9BB82E6C09}.Release|x64.ActiveCfg = Release|Any CPU
		{51587271-F3C8-48E0-B37C-9C9BB82E6C09}.Release|x64.Build.0 = Release|Any CPU
		{51587271-F3C8-48E0-B37C-9C9BB82E6C09}.Release|x86.ActiveCfg = Release|Any CPU
		{51587271-F3C8-48E0-B37C-9C9BB82E6C09}.Release|x86.Build.0 = Release|Any CPU
		{1AF24D85-A483-405D-AA9F-28E6A9B207CC}.Debug|Any CPU.ActiveCfg = Debug|Any CPU
		{1AF24D85-A483-405D-AA9F-28E6A9B207CC}.Debug|Any CPU.Build.0 = Debug|Any CPU
		{1AF24D85-A483-405D-AA9F-28E6A9B207CC}.Debug|x64.ActiveCfg = Debug|Any CPU
		{1AF24D85-A483-405D-AA9F-28E6A9B207CC}.Debug|x64.Build.0 = Debug|Any CPU
		{1AF24D85-A483-405D-AA9F-28E6A9B207CC}.Debug|x86.ActiveCfg = Debug|Any CPU
		{1AF24D85-A483-405D-AA9F-28E6A9B207CC}.Debug|x86.Build.0 = Debug|Any CPU
		{1AF24D85-A483-405D-AA9F-28E6A9B207CC}.Release|Any CPU.ActiveCfg = Release|Any CPU
		{1AF24D85-A483-405D-AA9F-28E6A9B207CC}.Release|Any CPU.Build.0 = Release|Any CPU
		{1AF24D85-A483-405D-AA9F-28E6A9B207CC}.Release|x64.ActiveCfg = Release|Any CPU
		{1AF24D85-A483-405D-AA9F-28E6A9B207CC}.Release|x64.Build.0 = Release|Any CPU
		{1AF24D85-A483-405D-AA9F-28E6A9B207CC}.Release|x86.ActiveCfg = Release|Any CPU
		{1AF24D85-A483-405D-AA9F-28E6A9B207CC}.Release|x86.Build.0 = Release|Any CPU
	EndGlobalSection
	GlobalSection(SolutionProperties) = preSolution
		HideSolutionNode = FALSE
	EndGlobalSection
	GlobalSection(ExtensibilityGlobals) = postSolution
		SolutionGuid = {DCF85F50-6E4E-4CEC-A3F7-FFD563B8A13C}
	EndGlobalSection
EndGlobal
