
Microsoft Visual Studio Solution File, Format Version 12.00
# Visual Studio 2012
Project("{FAE04EC0-301F-11D3-BF4B-00C04F79EFBC}") = "VideoPreview", "VideoPreview.csproj", "{F79B2221-AB50-43AF-957F-266C3405EB49}"
EndProject
Global
	GlobalSection(SolutionConfigurationPlatforms) = preSolution
		Debug|Any CPU = Debug|Any CPU
		Release|Any CPU = Release|Any CPU
	EndGlobalSection
	GlobalSection(ProjectConfigurationPlatforms) = postSolution
		{F79B2221-AB50-43AF-957F-266C3405EB49}.Debug|Any CPU.ActiveCfg = Debug|Any CPU
		{F79B2221-AB50-43AF-957F-266C3405EB49}.Debug|Any CPU.Build.0 = Debug|Any CPU
		{F79B2221-AB50-43AF-957F-266C3405EB49}.Release|Any CPU.ActiveCfg = Release|Any CPU
		{F79B2221-AB50-43AF-957F-266C3405EB49}.Release|Any CPU.Build.0 = Release|Any CPU
	EndGlobalSection
	GlobalSection(SolutionProperties) = preSolution
		HideSolutionNode = FALSE
	EndGlobalSection
EndGlobal
